
Microsoft Visual Studio Solution File, Format Version 12.00
# Visual Studio 2012
Project("{FAE04EC0-301F-11D3-BF4B-00C04F79EFBC}") = "CloudFivePush", "CloudFivePush.csproj", "{103B73FF-60C6-49E7-8133-50A8718C9B5F}"
EndProject
Project("{FAE04EC0-301F-11D3-BF4B-00C04F79EFBC}") = "CloudFivePushTest", "..\CloudFivePushTest\CloudFivePushTest.csproj", "{2933D0B0-0EBD-4EFE-BAFF-79A3EAC6F9A5}"
EndProject
Project("{2150E333-8FDC-42A3-9474-1A3956D46DE8}") = ".nuget", ".nuget", "{D6A9BA48-1233-4306-866B-EF81B56BCBEB}"
	ProjectSection(SolutionItems) = preProject
		.nuget\packages.config = .nuget\packages.config
	EndProjectSection
EndProject
Global
	GlobalSection(SolutionConfigurationPlatforms) = preSolution
		Debug|Any CPU = Debug|Any CPU
		Release|Any CPU = Release|Any CPU
	EndGlobalSection
	GlobalSection(ProjectConfigurationPlatforms) = postSolution
		{103B73FF-60C6-49E7-8133-50A8718C9B5F}.Debug|Any CPU.ActiveCfg = Debug|Any CPU
		{103B73FF-60C6-49E7-8133-50A8718C9B5F}.Debug|Any CPU.Build.0 = Debug|Any CPU
		{103B73FF-60C6-49E7-8133-50A8718C9B5F}.Release|Any CPU.ActiveCfg = Release|Any CPU
		{103B73FF-60C6-49E7-8133-50A8718C9B5F}.Release|Any CPU.Build.0 = Release|Any CPU
		{2933D0B0-0EBD-4EFE-BAFF-79A3EAC6F9A5}.Debug|Any CPU.ActiveCfg = Debug|Any CPU
		{2933D0B0-0EBD-4EFE-BAFF-79A3EAC6F9A5}.Debug|Any CPU.Build.0 = Debug|Any CPU
		{2933D0B0-0EBD-4EFE-BAFF-79A3EAC6F9A5}.Release|Any CPU.ActiveCfg = Release|Any CPU
		{2933D0B0-0EBD-4EFE-BAFF-79A3EAC6F9A5}.Release|Any CPU.Build.0 = Release|Any CPU
	EndGlobalSection
	GlobalSection(SolutionProperties) = preSolution
		HideSolutionNode = FALSE
	EndGlobalSection
EndGlobal
